
Microsoft Visual Studio Solution File, Format Version 12.00
# Visual Studio 15
VisualStudioVersion = 15.0.28010.2016
MinimumVisualStudioVersion = 10.0.40219.1
Project("{FAE04EC0-301F-11D3-BF4B-00C04F79EFBC}") = "StateHasChanged4.Server", "StateHasChanged4.Server\StateHasChanged4.Server.csproj", "{16ECE452-72F2-40F5-81E9-CA1747C2CD37}"
EndProject
Project("{FAE04EC0-301F-11D3-BF4B-00C04F79EFBC}") = "StateHasChanged4.Client", "StateHasChanged4.Client\StateHasChanged4.Client.csproj", "{F25F3119-3D07-4AC6-88C9-EAD02F50A42D}"
EndProject
Project("{FAE04EC0-301F-11D3-BF4B-00C04F79EFBC}") = "StateHasChanged4.Shared", "StateHasChanged4.Shared\StateHasChanged4.Shared.csproj", "{2C7E1DA6-BA28-4437-97DA-D7FF745C5A9D}"
EndProject
Global
	GlobalSection(SolutionConfigurationPlatforms) = preSolution
		Debug|Any CPU = Debug|Any CPU
		Release|Any CPU = Release|Any CPU
	EndGlobalSection
	GlobalSection(ProjectConfigurationPlatforms) = postSolution
		{16ECE452-72F2-40F5-81E9-CA1747C2CD37}.Debug|Any CPU.ActiveCfg = Debug|Any CPU
		{16ECE452-72F2-40F5-81E9-CA1747C2CD37}.Debug|Any CPU.Build.0 = Debug|Any CPU
		{16ECE452-72F2-40F5-81E9-CA1747C2CD37}.Release|Any CPU.ActiveCfg = Release|Any CPU
		{16ECE452-72F2-40F5-81E9-CA1747C2CD37}.Release|Any CPU.Build.0 = Release|Any CPU
		{F25F3119-3D07-4AC6-88C9-EAD02F50A42D}.Debug|Any CPU.ActiveCfg = Debug|Any CPU
		{F25F3119-3D07-4AC6-88C9-EAD02F50A42D}.Debug|Any CPU.Build.0 = Debug|Any CPU
		{F25F3119-3D07-4AC6-88C9-EAD02F50A42D}.Release|Any CPU.ActiveCfg = Release|Any CPU
		{F25F3119-3D07-4AC6-88C9-EAD02F50A42D}.Release|Any CPU.Build.0 = Release|Any CPU
		{2C7E1DA6-BA28-4437-97DA-D7FF745C5A9D}.Debug|Any CPU.ActiveCfg = Debug|Any CPU
		{2C7E1DA6-BA28-4437-97DA-D7FF745C5A9D}.Debug|Any CPU.Build.0 = Debug|Any CPU
		{2C7E1DA6-BA28-4437-97DA-D7FF745C5A9D}.Release|Any CPU.ActiveCfg = Release|Any CPU
		{2C7E1DA6-BA28-4437-97DA-D7FF745C5A9D}.Release|Any CPU.Build.0 = Release|Any CPU
	EndGlobalSection
	GlobalSection(SolutionProperties) = preSolution
		HideSolutionNode = FALSE
	EndGlobalSection
	GlobalSection(ExtensibilityGlobals) = postSolution
		SolutionGuid = {9CC48A16-FBC0-40CE-99A2-424DDECCEA6E}
	EndGlobalSection
EndGlobal
